
Microsoft Visual Studio Solution File, Format Version 12.00
# Visual Studio Version 17
VisualStudioVersion = 17.7.34202.233
MinimumVisualStudioVersion = 10.0.40219.1
Project("{FAE04EC0-301F-11D3-BF4B-00C04F79EFBC}") = "08_decimal_data_type", "08_decimal_data_type.csproj", "{A16400F3-F731-42E7-AEC6-1E460EF81DA3}"
EndProject
Global
	GlobalSection(SolutionConfigurationPlatforms) = preSolution
		Debug|Any CPU = Debug|Any CPU
		Release|Any CPU = Release|Any CPU
	EndGlobalSection
	GlobalSection(ProjectConfigurationPlatforms) = postSolution
		{A16400F3-F731-42E7-AEC6-1E460EF81DA3}.Debug|Any CPU.ActiveCfg = Debug|Any CPU
		{A16400F3-F731-42E7-AEC6-1E460EF81DA3}.Debug|Any CPU.Build.0 = Debug|Any CPU
		{A16400F3-F731-42E7-AEC6-1E460EF81DA3}.Release|Any CPU.ActiveCfg = Release|Any CPU
		{A16400F3-F731-42E7-AEC6-1E460EF81DA3}.Release|Any CPU.Build.0 = Release|Any CPU
	EndGlobalSection
	GlobalSection(SolutionProperties) = preSolution
		HideSolutionNode = FALSE
	EndGlobalSection
	GlobalSection(ExtensibilityGlobals) = postSolution
		SolutionGuid = {AE5ACE92-4D54-4F6C-B82E-A2ACBC77B1EA}
	EndGlobalSection
EndGlobal
