
Microsoft Visual Studio Solution File, Format Version 12.00
# Visual Studio Version 17
VisualStudioVersion = 17.7.34202.233
MinimumVisualStudioVersion = 10.0.40219.1
Project("{FAE04EC0-301F-11D3-BF4B-00C04F79EFBC}") = "12_01_YGYK_Methods", "12_01_YGYK_Methods.csproj", "{CEE24552-EB10-4B4B-8256-DE8E9DE5DF34}"
EndProject
Global
	GlobalSection(SolutionConfigurationPlatforms) = preSolution
		Debug|Any CPU = Debug|Any CPU
		Release|Any CPU = Release|Any CPU
	EndGlobalSection
	GlobalSection(ProjectConfigurationPlatforms) = postSolution
		{CEE24552-EB10-4B4B-8256-DE8E9DE5DF34}.Debug|Any CPU.ActiveCfg = Debug|Any CPU
		{CEE24552-EB10-4B4B-8256-DE8E9DE5DF34}.Debug|Any CPU.Build.0 = Debug|Any CPU
		{CEE24552-EB10-4B4B-8256-DE8E9DE5DF34}.Release|Any CPU.ActiveCfg = Release|Any CPU
		{CEE24552-EB10-4B4B-8256-DE8E9DE5DF34}.Release|Any CPU.Build.0 = Release|Any CPU
	EndGlobalSection
	GlobalSection(SolutionProperties) = preSolution
		HideSolutionNode = FALSE
	EndGlobalSection
	GlobalSection(ExtensibilityGlobals) = postSolution
		SolutionGuid = {1B9BD800-69FA-4988-80D2-DD3A247CF649}
	EndGlobalSection
EndGlobal
