
Microsoft Visual Studio Solution File, Format Version 12.00
# Visual Studio Version 17
VisualStudioVersion = 17.7.34202.233
MinimumVisualStudioVersion = 10.0.40219.1
Project("{FAE04EC0-301F-11D3-BF4B-00C04F79EFBC}") = "08_RecapDemo", "08_RecapDemo.csproj", "{299A8761-AD6A-4458-A3BE-4E89B1A6783F}"
EndProject
Global
	GlobalSection(SolutionConfigurationPlatforms) = preSolution
		Debug|Any CPU = Debug|Any CPU
		Release|Any CPU = Release|Any CPU
	EndGlobalSection
	GlobalSection(ProjectConfigurationPlatforms) = postSolution
		{299A8761-AD6A-4458-A3BE-4E89B1A6783F}.Debug|Any CPU.ActiveCfg = Debug|Any CPU
		{299A8761-AD6A-4458-A3BE-4E89B1A6783F}.Debug|Any CPU.Build.0 = Debug|Any CPU
		{299A8761-AD6A-4458-A3BE-4E89B1A6783F}.Release|Any CPU.ActiveCfg = Release|Any CPU
		{299A8761-AD6A-4458-A3BE-4E89B1A6783F}.Release|Any CPU.Build.0 = Release|Any CPU
	EndGlobalSection
	GlobalSection(SolutionProperties) = preSolution
		HideSolutionNode = FALSE
	EndGlobalSection
	GlobalSection(ExtensibilityGlobals) = postSolution
		SolutionGuid = {DA120BF1-DED9-4F2F-AC37-719CCE798509}
	EndGlobalSection
EndGlobal
