
Microsoft Visual Studio Solution File, Format Version 12.00
# Visual Studio Version 17
VisualStudioVersion = 17.7.34202.233
MinimumVisualStudioVersion = 10.0.40219.1
Project("{FAE04EC0-301F-11D3-BF4B-00C04F79EFBC}") = "10_Interfaces_Demo", "10_Interfaces_Demo.csproj", "{110E8D2A-2671-4AC4-985F-0DFF0AC86596}"
EndProject
Global
	GlobalSection(SolutionConfigurationPlatforms) = preSolution
		Debug|Any CPU = Debug|Any CPU
		Release|Any CPU = Release|Any CPU
	EndGlobalSection
	GlobalSection(ProjectConfigurationPlatforms) = postSolution
		{110E8D2A-2671-4AC4-985F-0DFF0AC86596}.Debug|Any CPU.ActiveCfg = Debug|Any CPU
		{110E8D2A-2671-4AC4-985F-0DFF0AC86596}.Debug|Any CPU.Build.0 = Debug|Any CPU
		{110E8D2A-2671-4AC4-985F-0DFF0AC86596}.Release|Any CPU.ActiveCfg = Release|Any CPU
		{110E8D2A-2671-4AC4-985F-0DFF0AC86596}.Release|Any CPU.Build.0 = Release|Any CPU
	EndGlobalSection
	GlobalSection(SolutionProperties) = preSolution
		HideSolutionNode = FALSE
	EndGlobalSection
	GlobalSection(ExtensibilityGlobals) = postSolution
		SolutionGuid = {EA4EA998-68CD-42DE-BEA1-FA49BD2F94DA}
	EndGlobalSection
EndGlobal
