
Microsoft Visual Studio Solution File, Format Version 12.00
# Visual Studio Version 17
VisualStudioVersion = 17.7.34202.233
MinimumVisualStudioVersion = 10.0.40219.1
Project("{FAE04EC0-301F-11D3-BF4B-00C04F79EFBC}") = "07_Classes", "07_Classes.csproj", "{35063A32-C8B4-48AE-A939-112B32B2E589}"
EndProject
Global
	GlobalSection(SolutionConfigurationPlatforms) = preSolution
		Debug|Any CPU = Debug|Any CPU
		Release|Any CPU = Release|Any CPU
	EndGlobalSection
	GlobalSection(ProjectConfigurationPlatforms) = postSolution
		{35063A32-C8B4-48AE-A939-112B32B2E589}.Debug|Any CPU.ActiveCfg = Debug|Any CPU
		{35063A32-C8B4-48AE-A939-112B32B2E589}.Debug|Any CPU.Build.0 = Debug|Any CPU
		{35063A32-C8B4-48AE-A939-112B32B2E589}.Release|Any CPU.ActiveCfg = Release|Any CPU
		{35063A32-C8B4-48AE-A939-112B32B2E589}.Release|Any CPU.Build.0 = Release|Any CPU
	EndGlobalSection
	GlobalSection(SolutionProperties) = preSolution
		HideSolutionNode = FALSE
	EndGlobalSection
	GlobalSection(ExtensibilityGlobals) = postSolution
		SolutionGuid = {E7CC20F3-9E1D-4E0A-A3FC-D966385E1A9F}
	EndGlobalSection
EndGlobal
